// !$*UTF8*$!
{
	archiveVersion = 1;
	classes = {
	};
	objectVersion = 56;
	objects = {

/* Begin PBXBuildFile section */
		B969620A2B3D239300559F48 /* PhotoViewController.swift in Sources */ = {isa = PBXBuildFile; fileRef = B96962092B3D239300559F48 /* PhotoViewController.swift */; };
		B969620D2B3D241900559F48 /* PhotoView.swift in Sources */ = {isa = PBXBuildFile; fileRef = B969620C2B3D241900559F48 /* PhotoView.swift */; };
		B9A393832B3B783000A74A94 /* Photos.swift in Sources */ = {isa = PBXBuildFile; fileRef = B9A393822B3B783000A74A94 /* Photos.swift */; };
		B9A393882B3B7EF200A74A94 /* PhotoCellView.swift in Sources */ = {isa = PBXBuildFile; fileRef = B9A393872B3B7EF200A74A94 /* PhotoCellView.swift */; };
		B9A3938A2B3BA69300A74A94 /* ListPhotoViewController.swift in Sources */ = {isa = PBXBuildFile; fileRef = B9A393892B3BA69300A74A94 /* ListPhotoViewController.swift */; };
		B9AF986F2B3B7324004D89A4 /* AppDelegate.swift in Sources */ = {isa = PBXBuildFile; fileRef = B9AF986E2B3B7324004D89A4 /* AppDelegate.swift */; };
		B9AF98712B3B7324004D89A4 /* SceneDelegate.swift in Sources */ = {isa = PBXBuildFile; fileRef = B9AF98702B3B7324004D89A4 /* SceneDelegate.swift */; };
		B9AF98732B3B7324004D89A4 /* ViewController.swift in Sources */ = {isa = PBXBuildFile; fileRef = B9AF98722B3B7324004D89A4 /* ViewController.swift */; };
		B9AF98762B3B7324004D89A4 /* Main.storyboard in Resources */ = {isa = PBXBuildFile; fileRef = B9AF98742B3B7324004D89A4 /* Main.storyboard */; };
		B9AF98782B3B7325004D89A4 /* Assets.xcassets in Resources */ = {isa = PBXBuildFile; fileRef = B9AF98772B3B7325004D89A4 /* Assets.xcassets */; };
		B9AF987B2B3B7325004D89A4 /* LaunchScreen.storyboard in Resources */ = {isa = PBXBuildFile; fileRef = B9AF98792B3B7325004D89A4 /* LaunchScreen.storyboard */; };
		B9AF98862B3B7325004D89A4 /* PhotosFavoriteTests.swift in Sources */ = {isa = PBXBuildFile; fileRef = B9AF98852B3B7325004D89A4 /* PhotosFavoriteTests.swift */; };
		B9AF98902B3B7325004D89A4 /* PhotosFavoriteUITests.swift in Sources */ = {isa = PBXBuildFile; fileRef = B9AF988F2B3B7325004D89A4 /* PhotosFavoriteUITests.swift */; };
		B9AF98922B3B7325004D89A4 /* PhotosFavoriteUITestsLaunchTests.swift in Sources */ = {isa = PBXBuildFile; fileRef = B9AF98912B3B7325004D89A4 /* PhotosFavoriteUITestsLaunchTests.swift */; };
		B9AF98A32B3B73FD004D89A4 /* APIManager.swift in Sources */ = {isa = PBXBuildFile; fileRef = B9AF98A22B3B73FD004D89A4 /* APIManager.swift */; };
/* End PBXBuildFile section */

/* Begin PBXContainerItemProxy section */
		B9AF98822B3B7325004D89A4 /* PBXContainerItemProxy */ = {
			isa = PBXContainerItemProxy;
			containerPortal = B9AF98632B3B7324004D89A4 /* Project object */;
			proxyType = 1;
			remoteGlobalIDString = B9AF986A2B3B7324004D89A4;
			remoteInfo = PhotosFavorite;
		};
		B9AF988C2B3B7325004D89A4 /* PBXContainerItemProxy */ = {
			isa = PBXContainerItemProxy;
			containerPortal = B9AF98632B3B7324004D89A4 /* Project object */;
			proxyType = 1;
			remoteGlobalIDString = B9AF986A2B3B7324004D89A4;
			remoteInfo = PhotosFavorite;
		};
/* End PBXContainerItemProxy section */

/* Begin PBXFileReference section */
		B96962092B3D239300559F48 /* PhotoViewController.swift */ = {isa = PBXFileReference; lastKnownFileType = sourcecode.swift; path = PhotoViewController.swift; sourceTree = "<group>"; };
		B969620C2B3D241900559F48 /* PhotoView.swift */ = {isa = PBXFileReference; lastKnownFileType = sourcecode.swift; path = PhotoView.swift; sourceTree = "<group>"; };
		B9A393822B3B783000A74A94 /* Photos.swift */ = {isa = PBXFileReference; lastKnownFileType = sourcecode.swift; path = Photos.swift; sourceTree = "<group>"; };
		B9A393872B3B7EF200A74A94 /* PhotoCellView.swift */ = {isa = PBXFileReference; lastKnownFileType = sourcecode.swift; path = PhotoCellView.swift; sourceTree = "<group>"; };
		B9A393892B3BA69300A74A94 /* ListPhotoViewController.swift */ = {isa = PBXFileReference; lastKnownFileType = sourcecode.swift; path = ListPhotoViewController.swift; sourceTree = "<group>"; };
		B9AF986B2B3B7324004D89A4 /* PhotosFavorite.app */ = {isa = PBXFileReference; explicitFileType = wrapper.application; includeInIndex = 0; path = PhotosFavorite.app; sourceTree = BUILT_PRODUCTS_DIR; };
		B9AF986E2B3B7324004D89A4 /* AppDelegate.swift */ = {isa = PBXFileReference; lastKnownFileType = sourcecode.swift; path = AppDelegate.swift; sourceTree = "<group>"; };
		B9AF98702B3B7324004D89A4 /* SceneDelegate.swift */ = {isa = PBXFileReference; lastKnownFileType = sourcecode.swift; path = SceneDelegate.swift; sourceTree = "<group>"; };
		B9AF98722B3B7324004D89A4 /* ViewController.swift */ = {isa = PBXFileReference; lastKnownFileType = sourcecode.swift; path = ViewController.swift; sourceTree = "<group>"; };
		B9AF98752B3B7324004D89A4 /* Base */ = {isa = PBXFileReference; lastKnownFileType = file.storyboard; name = Base; path = Base.lproj/Main.storyboard; sourceTree = "<group>"; };
		B9AF98772B3B7325004D89A4 /* Assets.xcassets */ = {isa = PBXFileReference; lastKnownFileType = folder.assetcatalog; path = Assets.xcassets; sourceTree = "<group>"; };
		B9AF987A2B3B7325004D89A4 /* Base */ = {isa = PBXFileReference; lastKnownFileType = file.storyboard; name = Base; path = Base.lproj/LaunchScreen.storyboard; sourceTree = "<group>"; };
		B9AF987C2B3B7325004D89A4 /* Info.plist */ = {isa = PBXFileReference; lastKnownFileType = text.plist.xml; path = Info.plist; sourceTree = "<group>"; };
		B9AF98812B3B7325004D89A4 /* PhotosFavoriteTests.xctest */ = {isa = PBXFileReference; explicitFileType = wrapper.cfbundle; includeInIndex = 0; path = PhotosFavoriteTests.xctest; sourceTree = BUILT_PRODUCTS_DIR; };
		B9AF98852B3B7325004D89A4 /* PhotosFavoriteTests.swift */ = {isa = PBXFileReference; lastKnownFileType = sourcecode.swift; path = PhotosFavoriteTests.swift; sourceTree = "<group>"; };
		B9AF988B2B3B7325004D89A4 /* PhotosFavoriteUITests.xctest */ = {isa = PBXFileReference; explicitFileType = wrapper.cfbundle; includeInIndex = 0; path = PhotosFavoriteUITests.xctest; sourceTree = BUILT_PRODUCTS_DIR; };
		B9AF988F2B3B7325004D89A4 /* PhotosFavoriteUITests.swift */ = {isa = PBXFileReference; lastKnownFileType = sourcecode.swift; path = PhotosFavoriteUITests.swift; sourceTree = "<group>"; };
		B9AF98912B3B7325004D89A4 /* PhotosFavoriteUITestsLaunchTests.swift */ = {isa = PBXFileReference; lastKnownFileType = sourcecode.swift; path = PhotosFavoriteUITestsLaunchTests.swift; sourceTree = "<group>"; };
		B9AF98A22B3B73FD004D89A4 /* APIManager.swift */ = {isa = PBXFileReference; lastKnownFileType = sourcecode.swift; path = APIManager.swift; sourceTree = "<group>"; };
/* End PBXFileReference section */

/* Begin PBXFrameworksBuildPhase section */
		B9AF98682B3B7324004D89A4 /* Frameworks */ = {
			isa = PBXFrameworksBuildPhase;
			buildActionMask = 2147483647;
			files = (
			);
			runOnlyForDeploymentPostprocessing = 0;
		};
		B9AF987E2B3B7325004D89A4 /* Frameworks */ = {
			isa = PBXFrameworksBuildPhase;
			buildActionMask = 2147483647;
			files = (
			);
			runOnlyForDeploymentPostprocessing = 0;
		};
		B9AF98882B3B7325004D89A4 /* Frameworks */ = {
			isa = PBXFrameworksBuildPhase;
			buildActionMask = 2147483647;
			files = (
			);
			runOnlyForDeploymentPostprocessing = 0;
		};
/* End PBXFrameworksBuildPhase section */

/* Begin PBXGroup section */
		B969620B2B3D240800559F48 /* View */ = {
			isa = PBXGroup;
			children = (
				B969620C2B3D241900559F48 /* PhotoView.swift */,
			);
			path = View;
			sourceTree = "<group>";
		};
		B9A393862B3B7EE600A74A94 /* Cell */ = {
			isa = PBXGroup;
			children = (
				B9A393872B3B7EF200A74A94 /* PhotoCellView.swift */,
			);
			path = Cell;
			sourceTree = "<group>";
		};
		B9AF98622B3B7324004D89A4 = {
			isa = PBXGroup;
			children = (
				B9AF986D2B3B7324004D89A4 /* PhotosFavorite */,
				B9AF98842B3B7325004D89A4 /* PhotosFavoriteTests */,
				B9AF988E2B3B7325004D89A4 /* PhotosFavoriteUITests */,
				B9AF986C2B3B7324004D89A4 /* Products */,
			);
			sourceTree = "<group>";
		};
		B9AF986C2B3B7324004D89A4 /* Products */ = {
			isa = PBXGroup;
			children = (
				B9AF986B2B3B7324004D89A4 /* PhotosFavorite.app */,
				B9AF98812B3B7325004D89A4 /* PhotosFavoriteTests.xctest */,
				B9AF988B2B3B7325004D89A4 /* PhotosFavoriteUITests.xctest */,
			);
			name = Products;
			sourceTree = "<group>";
		};
		B9AF986D2B3B7324004D89A4 /* PhotosFavorite */ = {
			isa = PBXGroup;
			children = (
				B9AF98A12B3B737E004D89A4 /* Api */,
				B9AF98A02B3B736F004D89A4 /* Viewmodel */,
				B9AF989F2B3B7362004D89A4 /* ViewController */,
				B9AF989E2B3B735D004D89A4 /* Model */,
				B9AF986E2B3B7324004D89A4 /* AppDelegate.swift */,
				B9AF98702B3B7324004D89A4 /* SceneDelegate.swift */,
				B9AF98722B3B7324004D89A4 /* ViewController.swift */,
				B9AF98742B3B7324004D89A4 /* Main.storyboard */,
				B9AF98772B3B7325004D89A4 /* Assets.xcassets */,
				B9AF98792B3B7325004D89A4 /* LaunchScreen.storyboard */,
				B9AF987C2B3B7325004D89A4 /* Info.plist */,
			);
			path = PhotosFavorite;
			sourceTree = "<group>";
		};
		B9AF98842B3B7325004D89A4 /* PhotosFavoriteTests */ = {
			isa = PBXGroup;
			children = (
				B9AF98852B3B7325004D89A4 /* PhotosFavoriteTests.swift */,
			);
			path = PhotosFavoriteTests;
			sourceTree = "<group>";
		};
		B9AF988E2B3B7325004D89A4 /* PhotosFavoriteUITests */ = {
			isa = PBXGroup;
			children = (
				B9AF988F2B3B7325004D89A4 /* PhotosFavoriteUITests.swift */,
				B9AF98912B3B7325004D89A4 /* PhotosFavoriteUITestsLaunchTests.swift */,
			);
			path = PhotosFavoriteUITests;
			sourceTree = "<group>";
		};
		B9AF989E2B3B735D004D89A4 /* Model */ = {
			isa = PBXGroup;
			children = (
				B9A393822B3B783000A74A94 /* Photos.swift */,
			);
			path = Model;
			sourceTree = "<group>";
		};
		B9AF989F2B3B7362004D89A4 /* ViewController */ = {
			isa = PBXGroup;
			children = (
				B969620B2B3D240800559F48 /* View */,
				B9A393862B3B7EE600A74A94 /* Cell */,
				B9A393892B3BA69300A74A94 /* ListPhotoViewController.swift */,
				B96962092B3D239300559F48 /* PhotoViewController.swift */,
			);
			path = ViewController;
			sourceTree = "<group>";
		};
		B9AF98A02B3B736F004D89A4 /* Viewmodel */ = {
			isa = PBXGroup;
			children = (
			);
			path = Viewmodel;
			sourceTree = "<group>";
		};
		B9AF98A12B3B737E004D89A4 /* Api */ = {
			isa = PBXGroup;
			children = (
				B9AF98A22B3B73FD004D89A4 /* APIManager.swift */,
			);
			path = Api;
			sourceTree = "<group>";
		};
/* End PBXGroup section */

/* Begin PBXNativeTarget section */
		B9AF986A2B3B7324004D89A4 /* PhotosFavorite */ = {
			isa = PBXNativeTarget;
			buildConfigurationList = B9AF98952B3B7325004D89A4 /* Build configuration list for PBXNativeTarget "PhotosFavorite" */;
			buildPhases = (
				B9AF98672B3B7324004D89A4 /* Sources */,
				B9AF98682B3B7324004D89A4 /* Frameworks */,
				B9AF98692B3B7324004D89A4 /* Resources */,
			);
			buildRules = (
			);
			dependencies = (
			);
			name = PhotosFavorite;
			productName = PhotosFavorite;
			productReference = B9AF986B2B3B7324004D89A4 /* PhotosFavorite.app */;
			productType = "com.apple.product-type.application";
		};
		B9AF98802B3B7325004D89A4 /* PhotosFavoriteTests */ = {
			isa = PBXNativeTarget;
			buildConfigurationList = B9AF98982B3B7325004D89A4 /* Build configuration list for PBXNativeTarget "PhotosFavoriteTests" */;
			buildPhases = (
				B9AF987D2B3B7325004D89A4 /* Sources */,
				B9AF987E2B3B7325004D89A4 /* Frameworks */,
				B9AF987F2B3B7325004D89A4 /* Resources */,
			);
			buildRules = (
			);
			dependencies = (
				B9AF98832B3B7325004D89A4 /* PBXTargetDependency */,
			);
			name = PhotosFavoriteTests;
			productName = PhotosFavoriteTests;
			productReference = B9AF98812B3B7325004D89A4 /* PhotosFavoriteTests.xctest */;
			productType = "com.apple.product-type.bundle.unit-test";
		};
		B9AF988A2B3B7325004D89A4 /* PhotosFavoriteUITests */ = {
			isa = PBXNativeTarget;
			buildConfigurationList = B9AF989B2B3B7325004D89A4 /* Build configuration list for PBXNativeTarget "PhotosFavoriteUITests" */;
			buildPhases = (
				B9AF98872B3B7325004D89A4 /* Sources */,
				B9AF98882B3B7325004D89A4 /* Frameworks */,
				B9AF98892B3B7325004D89A4 /* Resources */,
			);
			buildRules = (
			);
			dependencies = (
				B9AF988D2B3B7325004D89A4 /* PBXTargetDependency */,
			);
			name = PhotosFavoriteUITests;
			productName = PhotosFavoriteUITests;
			productReference = B9AF988B2B3B7325004D89A4 /* PhotosFavoriteUITests.xctest */;
			productType = "com.apple.product-type.bundle.ui-testing";
		};
/* End PBXNativeTarget section */

/* Begin PBXProject section */
		B9AF98632B3B7324004D89A4 /* Project object */ = {
			isa = PBXProject;
			attributes = {
				BuildIndependentTargetsInParallel = 1;
				LastSwiftUpdateCheck = 1430;
				LastUpgradeCheck = 1430;
				TargetAttributes = {
					B9AF986A2B3B7324004D89A4 = {
						CreatedOnToolsVersion = 14.3.1;
					};
					B9AF98802B3B7325004D89A4 = {
						CreatedOnToolsVersion = 14.3.1;
						TestTargetID = B9AF986A2B3B7324004D89A4;
					};
					B9AF988A2B3B7325004D89A4 = {
						CreatedOnToolsVersion = 14.3.1;
						TestTargetID = B9AF986A2B3B7324004D89A4;
					};
				};
			};
			buildConfigurationList = B9AF98662B3B7324004D89A4 /* Build configuration list for PBXProject "PhotosFavorite" */;
			compatibilityVersion = "Xcode 14.0";
			developmentRegion = en;
			hasScannedForEncodings = 0;
			knownRegions = (
				en,
				Base,
			);
			mainGroup = B9AF98622B3B7324004D89A4;
			productRefGroup = B9AF986C2B3B7324004D89A4 /* Products */;
			projectDirPath = "";
			projectRoot = "";
			targets = (
				B9AF986A2B3B7324004D89A4 /* PhotosFavorite */,
				B9AF98802B3B7325004D89A4 /* PhotosFavoriteTests */,
				B9AF988A2B3B7325004D89A4 /* PhotosFavoriteUITests */,
			);
		};
/* End PBXProject section */

/* Begin PBXResourcesBuildPhase section */
		B9AF98692B3B7324004D89A4 /* Resources */ = {
			isa = PBXResourcesBuildPhase;
			buildActionMask = 2147483647;
			files = (
				B9AF987B2B3B7325004D89A4 /* LaunchScreen.storyboard in Resources */,
				B9AF98782B3B7325004D89A4 /* Assets.xcassets in Resources */,
				B9AF98762B3B7324004D89A4 /* Main.storyboard in Resources */,
			);
			runOnlyForDeploymentPostprocessing = 0;
		};
		B9AF987F2B3B7325004D89A4 /* Resources */ = {
			isa = PBXResourcesBuildPhase;
			buildActionMask = 2147483647;
			files = (
			);
			runOnlyForDeploymentPostprocessing = 0;
		};
		B9AF98892B3B7325004D89A4 /* Resources */ = {
			isa = PBXResourcesBuildPhase;
			buildActionMask = 2147483647;
			files = (
			);
			runOnlyForDeploymentPostprocessing = 0;
		};
/* End PBXResourcesBuildPhase section */

/* Begin PBXSourcesBuildPhase section */
		B9AF98672B3B7324004D89A4 /* Sources */ = {
			isa = PBXSourcesBuildPhase;
			buildActionMask = 2147483647;
			files = (
				B9AF98A32B3B73FD004D89A4 /* APIManager.swift in Sources */,
				B9AF98732B3B7324004D89A4 /* ViewController.swift in Sources */,
				B9AF986F2B3B7324004D89A4 /* AppDelegate.swift in Sources */,
				B969620D2B3D241900559F48 /* PhotoView.swift in Sources */,
				B9A393832B3B783000A74A94 /* Photos.swift in Sources */,
				B9A3938A2B3BA69300A74A94 /* ListPhotoViewController.swift in Sources */,
				B969620A2B3D239300559F48 /* PhotoViewController.swift in Sources */,
				B9AF98712B3B7324004D89A4 /* SceneDelegate.swift in Sources */,
				B9A393882B3B7EF200A74A94 /* PhotoCellView.swift in Sources */,
			);
			runOnlyForDeploymentPostprocessing = 0;
		};
		B9AF987D2B3B7325004D89A4 /* Sources */ = {
			isa = PBXSourcesBuildPhase;
			buildActionMask = 2147483647;
			files = (
				B9AF98862B3B7325004D89A4 /* PhotosFavoriteTests.swift in Sources */,
			);
			runOnlyForDeploymentPostprocessing = 0;
		};
		B9AF98872B3B7325004D89A4 /* Sources */ = {
			isa = PBXSourcesBuildPhase;
			buildActionMask = 2147483647;
			files = (
				B9AF98902B3B7325004D89A4 /* PhotosFavoriteUITests.swift in Sources */,
				B9AF98922B3B7325004D89A4 /* PhotosFavoriteUITestsLaunchTests.swift in Sources */,
			);
			runOnlyForDeploymentPostprocessing = 0;
		};
/* End PBXSourcesBuildPhase section */

/* Begin PBXTargetDependency section */
		B9AF98832B3B7325004D89A4 /* PBXTargetDependency */ = {
			isa = PBXTargetDependency;
			target = B9AF986A2B3B7324004D89A4 /* PhotosFavorite */;
			targetProxy = B9AF98822B3B7325004D89A4 /* PBXContainerItemProxy */;
		};
		B9AF988D2B3B7325004D89A4 /* PBXTargetDependency */ = {
			isa = PBXTargetDependency;
			target = B9AF986A2B3B7324004D89A4 /* PhotosFavorite */;
			targetProxy = B9AF988C2B3B7325004D89A4 /* PBXContainerItemProxy */;
		};
/* End PBXTargetDependency section */

/* Begin PBXVariantGroup section */
		B9AF98742B3B7324004D89A4 /* Main.storyboard */ = {
			isa = PBXVariantGroup;
			children = (
				B9AF98752B3B7324004D89A4 /* Base */,
			);
			name = Main.storyboard;
			sourceTree = "<group>";
		};
		B9AF98792B3B7325004D89A4 /* LaunchScreen.storyboard */ = {
			isa = PBXVariantGroup;
			children = (
				B9AF987A2B3B7325004D89A4 /* Base */,
			);
			name = LaunchScreen.storyboard;
			sourceTree = "<group>";
		};
/* End PBXVariantGroup section */

/* Begin XCBuildConfiguration section */
		B9AF98932B3B7325004D89A4 /* Debug */ = {
			isa = XCBuildConfiguration;
			buildSettings = {
				ALWAYS_SEARCH_USER_PATHS = NO;
				CLANG_ANALYZER_NONNULL = YES;
				CLANG_ANALYZER_NUMBER_OBJECT_CONVERSION = YES_AGGRESSIVE;
				CLANG_CXX_LANGUAGE_STANDARD = "gnu++20";
				CLANG_ENABLE_MODULES = YES;
				CLANG_ENABLE_OBJC_ARC = YES;
				CLANG_ENABLE_OBJC_WEAK = YES;
				CLANG_WARN_BLOCK_CAPTURE_AUTORELEASING = YES;
				CLANG_WARN_BOOL_CONVERSION = YES;
				CLANG_WARN_COMMA = YES;
				CLANG_WARN_CONSTANT_CONVERSION = YES;
				CLANG_WARN_DEPRECATED_OBJC_IMPLEMENTATIONS = YES;
				CLANG_WARN_DIRECT_OBJC_ISA_USAGE = YES_ERROR;
				CLANG_WARN_DOCUMENTATION_COMMENTS = YES;
				CLANG_WARN_EMPTY_BODY = YES;
				CLANG_WARN_ENUM_CONVERSION = YES;
				CLANG_WARN_INFINITE_RECURSION = YES;
				CLANG_WARN_INT_CONVERSION = YES;
				CLANG_WARN_NON_LITERAL_NULL_CONVERSION = YES;
				CLANG_WARN_OBJC_IMPLICIT_RETAIN_SELF = YES;
				CLANG_WARN_OBJC_LITERAL_CONVERSION = YES;
				CLANG_WARN_OBJC_ROOT_CLASS = YES_ERROR;
				CLANG_WARN_QUOTED_INCLUDE_IN_FRAMEWORK_HEADER = YES;
				CLANG_WARN_RANGE_LOOP_ANALYSIS = YES;
				CLANG_WARN_STRICT_PROTOTYPES = YES;
				CLANG_WARN_SUSPICIOUS_MOVE = YES;
				CLANG_WARN_UNGUARDED_AVAILABILITY = YES_AGGRESSIVE;
				CLANG_WARN_UNREACHABLE_CODE = YES;
				CLANG_WARN__DUPLICATE_METHOD_MATCH = YES;
				COPY_PHASE_STRIP = NO;
				DEBUG_INFORMATION_FORMAT = dwarf;
				ENABLE_STRICT_OBJC_MSGSEND = YES;
				ENABLE_TESTABILITY = YES;
				GCC_C_LANGUAGE_STANDARD = gnu11;
				GCC_DYNAMIC_NO_PIC = NO;
				GCC_NO_COMMON_BLOCKS = YES;
				GCC_OPTIMIZATION_LEVEL = 0;
				GCC_PREPROCESSOR_DEFINITIONS = (
					"DEBUG=1",
					"$(inherited)",
				);
				GCC_WARN_64_TO_32_BIT_CONVERSION = YES;
				GCC_WARN_ABOUT_RETURN_TYPE = YES_ERROR;
				GCC_WARN_UNDECLARED_SELECTOR = YES;
				GCC_WARN_UNINITIALIZED_AUTOS = YES_AGGRESSIVE;
				GCC_WARN_UNUSED_FUNCTION = YES;
				GCC_WARN_UNUSED_VARIABLE = YES;
				IPHONEOS_DEPLOYMENT_TARGET = 16.4;
				MTL_ENABLE_DEBUG_INFO = INCLUDE_SOURCE;
				MTL_FAST_MATH = YES;
				ONLY_ACTIVE_ARCH = YES;
				SDKROOT = iphoneos;
				SWIFT_ACTIVE_COMPILATION_CONDITIONS = DEBUG;
				SWIFT_OPTIMIZATION_LEVEL = "-Onone";
			};
			name = Debug;
		};
		B9AF98942B3B7325004D89A4 /* Release */ = {
			isa = XCBuildConfiguration;
			buildSettings = {
				ALWAYS_SEARCH_USER_PATHS = NO;
				CLANG_ANALYZER_NONNULL = YES;
				CLANG_ANALYZER_NUMBER_OBJECT_CONVERSION = YES_AGGRESSIVE;
				CLANG_CXX_LANGUAGE_STANDARD = "gnu++20";
				CLANG_ENABLE_MODULES = YES;
				CLANG_ENABLE_OBJC_ARC = YES;
				CLANG_ENABLE_OBJC_WEAK = YES;
				CLANG_WARN_BLOCK_CAPTURE_AUTORELEASING = YES;
				CLANG_WARN_BOOL_CONVERSION = YES;
				CLANG_WARN_COMMA = YES;
				CLANG_WARN_CONSTANT_CONVERSION = YES;
				CLANG_WARN_DEPRECATED_OBJC_IMPLEMENTATIONS = YES;
				CLANG_WARN_DIRECT_OBJC_ISA_USAGE = YES_ERROR;
				CLANG_WARN_DOCUMENTATION_COMMENTS = YES;
				CLANG_WARN_EMPTY_BODY = YES;
				CLANG_WARN_ENUM_CONVERSION = YES;
				CLANG_WARN_INFINITE_RECURSION = YES;
				CLANG_WARN_INT_CONVERSION = YES;
				CLANG_WARN_NON_LITERAL_NULL_CONVERSION = YES;
				CLANG_WARN_OBJC_IMPLICIT_RETAIN_SELF = YES;
				CLANG_WARN_OBJC_LITERAL_CONVERSION = YES;
				CLANG_WARN_OBJC_ROOT_CLASS = YES_ERROR;
				CLANG_WARN_QUOTED_INCLUDE_IN_FRAMEWORK_HEADER = YES;
				CLANG_WARN_RANGE_LOOP_ANALYSIS = YES;
				CLANG_WARN_STRICT_PROTOTYPES = YES;
				CLANG_WARN_SUSPICIOUS_MOVE = YES;
				CLANG_WARN_UNGUARDED_AVAILABILITY = YES_AGGRESSIVE;
				CLANG_WARN_UNREACHABLE_CODE = YES;
				CLANG_WARN__DUPLICATE_METHOD_MATCH = YES;
				COPY_PHASE_STRIP = NO;
				DEBUG_INFORMATION_FORMAT = "dwarf-with-dsym";
				ENABLE_NS_ASSERTIONS = NO;
				ENABLE_STRICT_OBJC_MSGSEND = YES;
				GCC_C_LANGUAGE_STANDARD = gnu11;
				GCC_NO_COMMON_BLOCKS = YES;
				GCC_WARN_64_TO_32_BIT_CONVERSION = YES;
				GCC_WARN_ABOUT_RETURN_TYPE = YES_ERROR;
				GCC_WARN_UNDECLARED_SELECTOR = YES;
				GCC_WARN_UNINITIALIZED_AUTOS = YES_AGGRESSIVE;
				GCC_WARN_UNUSED_FUNCTION = YES;
				GCC_WARN_UNUSED_VARIABLE = YES;
				IPHONEOS_DEPLOYMENT_TARGET = 16.4;
				MTL_ENABLE_DEBUG_INFO = NO;
				MTL_FAST_MATH = YES;
				SDKROOT = iphoneos;
				SWIFT_COMPILATION_MODE = wholemodule;
				SWIFT_OPTIMIZATION_LEVEL = "-O";
				VALIDATE_PRODUCT = YES;
			};
			name = Release;
		};
		B9AF98962B3B7325004D89A4 /* Debug */ = {
			isa = XCBuildConfiguration;
			buildSettings = {
				ASSETCATALOG_COMPILER_APPICON_NAME = AppIcon;
				ASSETCATALOG_COMPILER_GLOBAL_ACCENT_COLOR_NAME = AccentColor;
				CODE_SIGN_STYLE = Automatic;
				CURRENT_PROJECT_VERSION = 1;
				DEVELOPMENT_TEAM = F4J982XF72;
				GENERATE_INFOPLIST_FILE = YES;
				INFOPLIST_FILE = PhotosFavorite/Info.plist;
				INFOPLIST_KEY_UIApplicationSupportsIndirectInputEvents = YES;
				INFOPLIST_KEY_UILaunchStoryboardName = LaunchScreen;
				INFOPLIST_KEY_UIMainStoryboardFile = Main;
				INFOPLIST_KEY_UISupportedInterfaceOrientations_iPad = "UIInterfaceOrientationPortrait UIInterfaceOrientationPortraitUpsideDown UIInterfaceOrientationLandscapeLeft UIInterfaceOrientationLandscapeRight";
				INFOPLIST_KEY_UISupportedInterfaceOrientations_iPhone = "UIInterfaceOrientationPortrait UIInterfaceOrientationLandscapeLeft UIInterfaceOrientationLandscapeRight";
				LD_RUNPATH_SEARCH_PATHS = (
					"$(inherited)",
					"@executable_path/Frameworks",
				);
				MARKETING_VERSION = 1.0;
				PRODUCT_BUNDLE_IDENTIFIER = davidperez.PhotosFavorite;
				PRODUCT_NAME = "$(TARGET_NAME)";
				SWIFT_EMIT_LOC_STRINGS = YES;
				SWIFT_VERSION = 5.0;
				TARGETED_DEVICE_FAMILY = "1,2";
			};
			name = Debug;
		};
		B9AF98972B3B7325004D89A4 /* Release */ = {
			isa = XCBuildConfiguration;
			buildSettings = {
				ASSETCATALOG_COMPILER_APPICON_NAME = AppIcon;
				ASSETCATALOG_COMPILER_GLOBAL_ACCENT_COLOR_NAME = AccentColor;
				CODE_SIGN_STYLE = Automatic;
				CURRENT_PROJECT_VERSION = 1;
				DEVELOPMENT_TEAM = F4J982XF72;
				GENERATE_INFOPLIST_FILE = YES;
				INFOPLIST_FILE = PhotosFavorite/Info.plist;
				INFOPLIST_KEY_UIApplicationSupportsIndirectInputEvents = YES;
				INFOPLIST_KEY_UILaunchStoryboardName = LaunchScreen;
				INFOPLIST_KEY_UIMainStoryboardFile = Main;
				INFOPLIST_KEY_UISupportedInterfaceOrientations_iPad = "UIInterfaceOrientationPortrait UIInterfaceOrientationPortraitUpsideDown UIInterfaceOrientationLandscapeLeft UIInterfaceOrientationLandscapeRight";
				INFOPLIST_KEY_UISupportedInterfaceOrientations_iPhone = "UIInterfaceOrientationPortrait UIInterfaceOrientationLandscapeLeft UIInterfaceOrientationLandscapeRight";
				LD_RUNPATH_SEARCH_PATHS = (
					"$(inherited)",
					"@executable_path/Frameworks",
				);
				MARKETING_VERSION = 1.0;
				PRODUCT_BUNDLE_IDENTIFIER = davidperez.PhotosFavorite;
				PRODUCT_NAME = "$(TARGET_NAME)";
				SWIFT_EMIT_LOC_STRINGS = YES;
				SWIFT_VERSION = 5.0;
				TARGETED_DEVICE_FAMILY = "1,2";
			};
			name = Release;
		};
		B9AF98992B3B7325004D89A4 /* Debug */ = {
			isa = XCBuildConfiguration;
			buildSettings = {
				ALWAYS_EMBED_SWIFT_STANDARD_LIBRARIES = YES;
				BUNDLE_LOADER = "$(TEST_HOST)";
				CODE_SIGN_STYLE = Automatic;
				CURRENT_PROJECT_VERSION = 1;
				DEVELOPMENT_TEAM = F4J982XF72;
				GENERATE_INFOPLIST_FILE = YES;
				IPHONEOS_DEPLOYMENT_TARGET = 16.4;
				MARKETING_VERSION = 1.0;
				PRODUCT_BUNDLE_IDENTIFIER = davidperez.PhotosFavoriteTests;
				PRODUCT_NAME = "$(TARGET_NAME)";
				SWIFT_EMIT_LOC_STRINGS = NO;
				SWIFT_VERSION = 5.0;
				TARGETED_DEVICE_FAMILY = "1,2";
				TEST_HOST = "$(BUILT_PRODUCTS_DIR)/PhotosFavorite.app/$(BUNDLE_EXECUTABLE_FOLDER_PATH)/PhotosFavorite";
			};
			name = Debug;
		};
		B9AF989A2B3B7325004D89A4 /* Release */ = {
			isa = XCBuildConfiguration;
			buildSettings = {
				ALWAYS_EMBED_SWIFT_STANDARD_LIBRARIES = YES;
				BUNDLE_LOADER = "$(TEST_HOST)";
				CODE_SIGN_STYLE = Automatic;
				CURRENT_PROJECT_VERSION = 1;
				DEVELOPMENT_TEAM = F4J982XF72;
				GENERATE_INFOPLIST_FILE = YES;
				IPHONEOS_DEPLOYMENT_TARGET = 16.4;
				MARKETING_VERSION = 1.0;
				PRODUCT_BUNDLE_IDENTIFIER = davidperez.PhotosFavoriteTests;
				PRODUCT_NAME = "$(TARGET_NAME)";
				SWIFT_EMIT_LOC_STRINGS = NO;
				SWIFT_VERSION = 5.0;
				TARGETED_DEVICE_FAMILY = "1,2";
				TEST_HOST = "$(BUILT_PRODUCTS_DIR)/PhotosFavorite.app/$(BUNDLE_EXECUTABLE_FOLDER_PATH)/PhotosFavorite";
			};
			name = Release;
		};
		B9AF989C2B3B7325004D89A4 /* Debug */ = {
			isa = XCBuildConfiguration;
			buildSettings = {
				ALWAYS_EMBED_SWIFT_STANDARD_LIBRARIES = YES;
				CODE_SIGN_STYLE = Automatic;
				CURRENT_PROJECT_VERSION = 1;
				DEVELOPMENT_TEAM = F4J982XF72;
				GENERATE_INFOPLIST_FILE = YES;
				MARKETING_VERSION = 1.0;
				PRODUCT_BUNDLE_IDENTIFIER = davidperez.PhotosFavoriteUITests;
				PRODUCT_NAME = "$(TARGET_NAME)";
				SWIFT_EMIT_LOC_STRINGS = NO;
				SWIFT_VERSION = 5.0;
				TARGETED_DEVICE_FAMILY = "1,2";
				TEST_TARGET_NAME = PhotosFavorite;
			};
			name = Debug;
		};
		B9AF989D2B3B7325004D89A4 /* Release */ = {
			isa = XCBuildConfiguration;
			buildSettings = {
				ALWAYS_EMBED_SWIFT_STANDARD_LIBRARIES = YES;
				CODE_SIGN_STYLE = Automatic;
				CURRENT_PROJECT_VERSION = 1;
				DEVELOPMENT_TEAM = F4J982XF72;
				GENERATE_INFOPLIST_FILE = YES;
				MARKETING_VERSION = 1.0;
				PRODUCT_BUNDLE_IDENTIFIER = davidperez.PhotosFavoriteUITests;
				PRODUCT_NAME = "$(TARGET_NAME)";
				SWIFT_EMIT_LOC_STRINGS = NO;
				SWIFT_VERSION = 5.0;
				TARGETED_DEVICE_FAMILY = "1,2";
				TEST_TARGET_NAME = PhotosFavorite;
			};
			name = Release;
		};
/* End XCBuildConfiguration section */

/* Begin XCConfigurationList section */
		B9AF98662B3B7324004D89A4 /* Build configuration list for PBXProject "PhotosFavorite" */ = {
			isa = XCConfigurationList;
			buildConfigurations = (
				B9AF98932B3B7325004D89A4 /* Debug */,
				B9AF98942B3B7325004D89A4 /* Release */,
			);
			defaultConfigurationIsVisible = 0;
			defaultConfigurationName = Release;
		};
		B9AF98952B3B7325004D89A4 /* Build configuration list for PBXNativeTarget "PhotosFavorite" */ = {
			isa = XCConfigurationList;
			buildConfigurations = (
				B9AF98962B3B7325004D89A4 /* Debug */,
				B9AF98972B3B7325004D89A4 /* Release */,
			);
			defaultConfigurationIsVisible = 0;
			defaultConfigurationName = Release;
		};
		B9AF98982B3B7325004D89A4 /* Build configuration list for PBXNativeTarget "PhotosFavoriteTests" */ = {
			isa = XCConfigurationList;
			buildConfigurations = (
				B9AF98992B3B7325004D89A4 /* Debug */,
				B9AF989A2B3B7325004D89A4 /* Release */,
			);
			defaultConfigurationIsVisible = 0;
			defaultConfigurationName = Release;
		};
		B9AF989B2B3B7325004D89A4 /* Build configuration list for PBXNativeTarget "PhotosFavoriteUITests" */ = {
			isa = XCConfigurationList;
			buildConfigurations = (
				B9AF989C2B3B7325004D89A4 /* Debug */,
				B9AF989D2B3B7325004D89A4 /* Release */,
			);
			defaultConfigurationIsVisible = 0;
			defaultConfigurationName = Release;
		};
/* End XCConfigurationList section */
	};
	rootObject = B9AF98632B3B7324004D89A4 /* Project object */;
}
